// !$*UTF8*$!
{
	archiveVersion = 1;
	classes = {
	};
	objectVersion = 50;
	objects = {

/* Begin PBXBuildFile section */
		3E137A576ADFEBFAE960C489 /* Pods_BitcoinCurrency.framework in Frameworks */ = {isa = PBXBuildFile; fileRef = D6CD125C4667213D5C1E3474 /* Pods_BitcoinCurrency.framework */; };
		D49EA9B32654536400B7EAFA /* AppDelegate.swift in Sources */ = {isa = PBXBuildFile; fileRef = D49EA9B22654536400B7EAFA /* AppDelegate.swift */; };
		D49EA9B52654536400B7EAFA /* SceneDelegate.swift in Sources */ = {isa = PBXBuildFile; fileRef = D49EA9B42654536400B7EAFA /* SceneDelegate.swift */; };
		D49EA9B72654536400B7EAFA /* ViewController.swift in Sources */ = {isa = PBXBuildFile; fileRef = D49EA9B62654536400B7EAFA /* ViewController.swift */; };
		D49EA9BA2654536400B7EAFA /* Main.storyboard in Resources */ = {isa = PBXBuildFile; fileRef = D49EA9B82654536400B7EAFA /* Main.storyboard */; };
		D49EA9BC2654536500B7EAFA /* Assets.xcassets in Resources */ = {isa = PBXBuildFile; fileRef = D49EA9BB2654536500B7EAFA /* Assets.xcassets */; };
		D49EA9BF2654536500B7EAFA /* LaunchScreen.storyboard in Resources */ = {isa = PBXBuildFile; fileRef = D49EA9BD2654536500B7EAFA /* LaunchScreen.storyboard */; };
/* End PBXBuildFile section */

/* Begin PBXFileReference section */
		094CA0625EBCEF3C8346584D /* Pods-BitcoinCurrency.debug.xcconfig */ = {isa = PBXFileReference; includeInIndex = 1; lastKnownFileType = text.xcconfig; name = "Pods-BitcoinCurrency.debug.xcconfig"; path = "Target Support Files/Pods-BitcoinCurrency/Pods-BitcoinCurrency.debug.xcconfig"; sourceTree = "<group>"; };
		85C8A4F5CD55C6AA6831A852 /* Pods-BitcoinCurrency.release.xcconfig */ = {isa = PBXFileReference; includeInIndex = 1; lastKnownFileType = text.xcconfig; name = "Pods-BitcoinCurrency.release.xcconfig"; path = "Target Support Files/Pods-BitcoinCurrency/Pods-BitcoinCurrency.release.xcconfig"; sourceTree = "<group>"; };
		D49EA9AF2654536400B7EAFA /* BitcoinCurrency.app */ = {isa = PBXFileReference; explicitFileType = wrapper.application; includeInIndex = 0; path = BitcoinCurrency.app; sourceTree = BUILT_PRODUCTS_DIR; };
		D49EA9B22654536400B7EAFA /* AppDelegate.swift */ = {isa = PBXFileReference; lastKnownFileType = sourcecode.swift; path = AppDelegate.swift; sourceTree = "<group>"; };
		D49EA9B42654536400B7EAFA /* SceneDelegate.swift */ = {isa = PBXFileReference; lastKnownFileType = sourcecode.swift; path = SceneDelegate.swift; sourceTree = "<group>"; };
		D49EA9B62654536400B7EAFA /* ViewController.swift */ = {isa = PBXFileReference; lastKnownFileType = sourcecode.swift; path = ViewController.swift; sourceTree = "<group>"; };
		D49EA9B92654536400B7EAFA /* Base */ = {isa = PBXFileReference; lastKnownFileType = file.storyboard; name = Base; path = Base.lproj/Main.storyboard; sourceTree = "<group>"; };
		D49EA9BB2654536500B7EAFA /* Assets.xcassets */ = {isa = PBXFileReference; lastKnownFileType = folder.assetcatalog; path = Assets.xcassets; sourceTree = "<group>"; };
		D49EA9BE2654536500B7EAFA /* Base */ = {isa = PBXFileReference; lastKnownFileType = file.storyboard; name = Base; path = Base.lproj/LaunchScreen.storyboard; sourceTree = "<group>"; };
		D49EA9C02654536500B7EAFA /* Info.plist */ = {isa = PBXFileReference; lastKnownFileType = text.plist.xml; path = Info.plist; sourceTree = "<group>"; };
		D6CD125C4667213D5C1E3474 /* Pods_BitcoinCurrency.framework */ = {isa = PBXFileReference; explicitFileType = wrapper.framework; includeInIndex = 0; path = Pods_BitcoinCurrency.framework; sourceTree = BUILT_PRODUCTS_DIR; };
/* End PBXFileReference section */

/* Begin PBXFrameworksBuildPhase section */
		D49EA9AC2654536400B7EAFA /* Frameworks */ = {
			isa = PBXFrameworksBuildPhase;
			buildActionMask = 2147483647;
			files = (
				3E137A576ADFEBFAE960C489 /* Pods_BitcoinCurrency.framework in Frameworks */,
			);
			runOnlyForDeploymentPostprocessing = 0;
		};
/* End PBXFrameworksBuildPhase section */

/* Begin PBXGroup section */
		204AA3A5424263FDF7E2AD46 /* Frameworks */ = {
			isa = PBXGroup;
			children = (
				D6CD125C4667213D5C1E3474 /* Pods_BitcoinCurrency.framework */,
			);
			name = Frameworks;
			sourceTree = "<group>";
		};
		586B15FA2AC1ED4BFB70688A /* Pods */ = {
			isa = PBXGroup;
			children = (
				094CA0625EBCEF3C8346584D /* Pods-BitcoinCurrency.debug.xcconfig */,
				85C8A4F5CD55C6AA6831A852 /* Pods-BitcoinCurrency.release.xcconfig */,
			);
			name = Pods;
			path = Pods;
			sourceTree = "<group>";
		};
		D49EA9A62654536400B7EAFA = {
			isa = PBXGroup;
			children = (
				D49EA9B12654536400B7EAFA /* BitcoinCurrency */,
				D49EA9B02654536400B7EAFA /* Products */,
				586B15FA2AC1ED4BFB70688A /* Pods */,
				204AA3A5424263FDF7E2AD46 /* Frameworks */,
			);
			sourceTree = "<group>";
		};
		D49EA9B02654536400B7EAFA /* Products */ = {
			isa = PBXGroup;
			children = (
				D49EA9AF2654536400B7EAFA /* BitcoinCurrency.app */,
			);
			name = Products;
			sourceTree = "<group>";
		};
		D49EA9B12654536400B7EAFA /* BitcoinCurrency */ = {
			isa = PBXGroup;
			children = (
				D49EA9B22654536400B7EAFA /* AppDelegate.swift */,
				D49EA9B42654536400B7EAFA /* SceneDelegate.swift */,
				D49EA9B62654536400B7EAFA /* ViewController.swift */,
				D49EA9B82654536400B7EAFA /* Main.storyboard */,
				D49EA9BB2654536500B7EAFA /* Assets.xcassets */,
				D49EA9BD2654536500B7EAFA /* LaunchScreen.storyboard */,
				D49EA9C02654536500B7EAFA /* Info.plist */,
			);
			path = BitcoinCurrency;
			sourceTree = "<group>";
		};
/* End PBXGroup section */

/* Begin PBXNativeTarget section */
		D49EA9AE2654536400B7EAFA /* BitcoinCurrency */ = {
			isa = PBXNativeTarget;
			buildConfigurationList = D49EA9C32654536500B7EAFA /* Build configuration list for PBXNativeTarget "BitcoinCurrency" */;
			buildPhases = (
				F7FB19852E7082C2367EE264 /* [CP] Check Pods Manifest.lock */,
				D49EA9AB2654536400B7EAFA /* Sources */,
				D49EA9AC2654536400B7EAFA /* Frameworks */,
				D49EA9AD2654536400B7EAFA /* Resources */,
				D92FF51A2E587BB95A9650F9 /* [CP] Embed Pods Frameworks */,
			);
			buildRules = (
			);
			dependencies = (
			);
			name = BitcoinCurrency;
			productName = BitcoinCurrency;
			productReference = D49EA9AF2654536400B7EAFA /* BitcoinCurrency.app */;
			productType = "com.apple.product-type.application";
		};
/* End PBXNativeTarget section */

/* Begin PBXProject section */
		D49EA9A72654536400B7EAFA /* Project object */ = {
			isa = PBXProject;
			attributes = {
				LastSwiftUpdateCheck = 1240;
				LastUpgradeCheck = 1240;
				TargetAttributes = {
					D49EA9AE2654536400B7EAFA = {
						CreatedOnToolsVersion = 12.4;
					};
				};
			};
			buildConfigurationList = D49EA9AA2654536400B7EAFA /* Build configuration list for PBXProject "BitcoinCurrency" */;
			compatibilityVersion = "Xcode 9.3";
			developmentRegion = en;
			hasScannedForEncodings = 0;
			knownRegions = (
				en,
				Base,
			);
			mainGroup = D49EA9A62654536400B7EAFA;
			productRefGroup = D49EA9B02654536400B7EAFA /* Products */;
			projectDirPath = "";
			projectRoot = "";
			targets = (
				D49EA9AE2654536400B7EAFA /* BitcoinCurrency */,
			);
		};
/* End PBXProject section */

/* Begin PBXResourcesBuildPhase section */
		D49EA9AD2654536400B7EAFA /* Resources */ = {
			isa = PBXResourcesBuildPhase;
			buildActionMask = 2147483647;
			files = (
				D49EA9BF2654536500B7EAFA /* LaunchScreen.storyboard in Resources */,
				D49EA9BC2654536500B7EAFA /* Assets.xcassets in Resources */,
				D49EA9BA2654536400B7EAFA /* Main.storyboard in Resources */,
			);
			runOnlyForDeploymentPostprocessing = 0;
		};
/* End PBXResourcesBuildPhase section */

/* Begin PBXShellScriptBuildPhase section */
		D92FF51A2E587BB95A9650F9 /* [CP] Embed Pods Frameworks */ = {
			isa = PBXShellScriptBuildPhase;
			buildActionMask = 2147483647;
			files = (
			);
			inputFileListPaths = (
				"${PODS_ROOT}/Target Support Files/Pods-BitcoinCurrency/Pods-BitcoinCurrency-frameworks-${CONFIGURATION}-input-files.xcfilelist",
			);
			name = "[CP] Embed Pods Frameworks";
			outputFileListPaths = (
				"${PODS_ROOT}/Target Support Files/Pods-BitcoinCurrency/Pods-BitcoinCurrency-frameworks-${CONFIGURATION}-output-files.xcfilelist",
			);
			runOnlyForDeploymentPostprocessing = 0;
			shellPath = /bin/sh;
			shellScript = "\"${PODS_ROOT}/Target Support Files/Pods-BitcoinCurrency/Pods-BitcoinCurrency-frameworks.sh\"\n";
			showEnvVarsInLog = 0;
		};
		F7FB19852E7082C2367EE264 /* [CP] Check Pods Manifest.lock */ = {
			isa = PBXShellScriptBuildPhase;
			buildActionMask = 2147483647;
			files = (
			);
			inputFileListPaths = (
			);
			inputPaths = (
				"${PODS_PODFILE_DIR_PATH}/Podfile.lock",
				"${PODS_ROOT}/Manifest.lock",
			);
			name = "[CP] Check Pods Manifest.lock";
			outputFileListPaths = (
			);
			outputPaths = (
				"$(DERIVED_FILE_DIR)/Pods-BitcoinCurrency-checkManifestLockResult.txt",
			);
			runOnlyForDeploymentPostprocessing = 0;
			shellPath = /bin/sh;
			shellScript = "diff \"${PODS_PODFILE_DIR_PATH}/Podfile.lock\" \"${PODS_ROOT}/Manifest.lock\" > /dev/null\nif [ $? != 0 ] ; then\n    # print error to STDERR\n    echo \"error: The sandbox is not in sync with the Podfile.lock. Run 'pod install' or update your CocoaPods installation.\" >&2\n    exit 1\nfi\n# This output is used by Xcode 'outputs' to avoid re-running this script phase.\necho \"SUCCESS\" > \"${SCRIPT_OUTPUT_FILE_0}\"\n";
			showEnvVarsInLog = 0;
		};
/* End PBXShellScriptBuildPhase section */

/* Begin PBXSourcesBuildPhase section */
		D49EA9AB2654536400B7EAFA /* Sources */ = {
			isa = PBXSourcesBuildPhase;
			buildActionMask = 2147483647;
			files = (
				D49EA9B72654536400B7EAFA /* ViewController.swift in Sources */,
				D49EA9B32654536400B7EAFA /* AppDelegate.swift in Sources */,
				D49EA9B52654536400B7EAFA /* SceneDelegate.swift in Sources */,
			);
			runOnlyForDeploymentPostprocessing = 0;
		};
/* End PBXSourcesBuildPhase section */

/* Begin PBXVariantGroup section */
		D49EA9B82654536400B7EAFA /* Main.storyboard */ = {
			isa = PBXVariantGroup;
			children = (
				D49EA9B92654536400B7EAFA /* Base */,
			);
			name = Main.storyboard;
			sourceTree = "<group>";
		};
		D49EA9BD2654536500B7EAFA /* LaunchScreen.storyboard */ = {
			isa = PBXVariantGroup;
			children = (
				D49EA9BE2654536500B7EAFA /* Base */,
			);
			name = LaunchScreen.storyboard;
			sourceTree = "<group>";
		};
/* End PBXVariantGroup section */

/* Begin XCBuildConfiguration section */
		D49EA9C12654536500B7EAFA /* Debug */ = {
			isa = XCBuildConfiguration;
			buildSettings = {
				ALWAYS_SEARCH_USER_PATHS = NO;
				CLANG_ANALYZER_NONNULL = YES;
				CLANG_ANALYZER_NUMBER_OBJECT_CONVERSION = YES_AGGRESSIVE;
				CLANG_CXX_LANGUAGE_STANDARD = "gnu++14";
				CLANG_CXX_LIBRARY = "libc++";
				CLANG_ENABLE_MODULES = YES;
				CLANG_ENABLE_OBJC_ARC = YES;
				CLANG_ENABLE_OBJC_WEAK = YES;
				CLANG_WARN_BLOCK_CAPTURE_AUTORELEASING = YES;
				CLANG_WARN_BOOL_CONVERSION = YES;
				CLANG_WARN_COMMA = YES;
				CLANG_WARN_CONSTANT_CONVERSION = YES;
				CLANG_WARN_DEPRECATED_OBJC_IMPLEMENTATIONS = YES;
				CLANG_WARN_DIRECT_OBJC_ISA_USAGE = YES_ERROR;
				CLANG_WARN_DOCUMENTATION_COMMENTS = YES;
				CLANG_WARN_EMPTY_BODY = YES;
				CLANG_WARN_ENUM_CONVERSION = YES;
				CLANG_WARN_INFINITE_RECURSION = YES;
				CLANG_WARN_INT_CONVERSION = YES;
				CLANG_WARN_NON_LITERAL_NULL_CONVERSION = YES;
				CLANG_WARN_OBJC_IMPLICIT_RETAIN_SELF = YES;
				CLANG_WARN_OBJC_LITERAL_CONVERSION = YES;
				CLANG_WARN_OBJC_ROOT_CLASS = YES_ERROR;
				CLANG_WARN_QUOTED_INCLUDE_IN_FRAMEWORK_HEADER = YES;
				CLANG_WARN_RANGE_LOOP_ANALYSIS = YES;
				CLANG_WARN_STRICT_PROTOTYPES = YES;
				CLANG_WARN_SUSPICIOUS_MOVE = YES;
				CLANG_WARN_UNGUARDED_AVAILABILITY = YES_AGGRESSIVE;
				CLANG_WARN_UNREACHABLE_CODE = YES;
				CLANG_WARN__DUPLICATE_METHOD_MATCH = YES;
				COPY_PHASE_STRIP = NO;
				DEBUG_INFORMATION_FORMAT = dwarf;
				ENABLE_STRICT_OBJC_MSGSEND = YES;
				ENABLE_TESTABILITY = YES;
				GCC_C_LANGUAGE_STANDARD = gnu11;
				GCC_DYNAMIC_NO_PIC = NO;
				GCC_NO_COMMON_BLOCKS = YES;
				GCC_OPTIMIZATION_LEVEL = 0;
				GCC_PREPROCESSOR_DEFINITIONS = (
					"DEBUG=1",
					"$(inherited)",
				);
				GCC_WARN_64_TO_32_BIT_CONVERSION = YES;
				GCC_WARN_ABOUT_RETURN_TYPE = YES_ERROR;
				GCC_WARN_UNDECLARED_SELECTOR = YES;
				GCC_WARN_UNINITIALIZED_AUTOS = YES_AGGRESSIVE;
				GCC_WARN_UNUSED_FUNCTION = YES;
				GCC_WARN_UNUSED_VARIABLE = YES;
				IPHONEOS_DEPLOYMENT_TARGET = 14.4;
				MTL_ENABLE_DEBUG_INFO = INCLUDE_SOURCE;
				MTL_FAST_MATH = YES;
				ONLY_ACTIVE_ARCH = YES;
				SDKROOT = iphoneos;
				SWIFT_ACTIVE_COMPILATION_CONDITIONS = DEBUG;
				SWIFT_OPTIMIZATION_LEVEL = "-Onone";
			};
			name = Debug;
		};
		D49EA9C22654536500B7EAFA /* Release */ = {
			isa = XCBuildConfiguration;
			buildSettings = {
				ALWAYS_SEARCH_USER_PATHS = NO;
				CLANG_ANALYZER_NONNULL = YES;
				CLANG_ANALYZER_NUMBER_OBJECT_CONVERSION = YES_AGGRESSIVE;
				CLANG_CXX_LANGUAGE_STANDARD = "gnu++14";
				CLANG_CXX_LIBRARY = "libc++";
				CLANG_ENABLE_MODULES = YES;
				CLANG_ENABLE_OBJC_ARC = YES;
				CLANG_ENABLE_OBJC_WEAK = YES;
				CLANG_WARN_BLOCK_CAPTURE_AUTORELEASING = YES;
				CLANG_WARN_BOOL_CONVERSION = YES;
				CLANG_WARN_COMMA = YES;
				CLANG_WARN_CONSTANT_CONVERSION = YES;
				CLANG_WARN_DEPRECATED_OBJC_IMPLEMENTATIONS = YES;
				CLANG_WARN_DIRECT_OBJC_ISA_USAGE = YES_ERROR;
				CLANG_WARN_DOCUMENTATION_COMMENTS = YES;
				CLANG_WARN_EMPTY_BODY = YES;
				CLANG_WARN_ENUM_CONVERSION = YES;
				CLANG_WARN_INFINITE_RECURSION = YES;
				CLANG_WARN_INT_CONVERSION = YES;
				CLANG_WARN_NON_LITERAL_NULL_CONVERSION = YES;
				CLANG_WARN_OBJC_IMPLICIT_RETAIN_SELF = YES;
				CLANG_WARN_OBJC_LITERAL_CONVERSION = YES;
				CLANG_WARN_OBJC_ROOT_CLASS = YES_ERROR;
				CLANG_WARN_QUOTED_INCLUDE_IN_FRAMEWORK_HEADER = YES;
				CLANG_WARN_RANGE_LOOP_ANALYSIS = YES;
				CLANG_WARN_STRICT_PROTOTYPES = YES;
				CLANG_WARN_SUSPICIOUS_MOVE = YES;
				CLANG_WARN_UNGUARDED_AVAILABILITY = YES_AGGRESSIVE;
				CLANG_WARN_UNREACHABLE_CODE = YES;
				CLANG_WARN__DUPLICATE_METHOD_MATCH = YES;
				COPY_PHASE_STRIP = NO;
				DEBUG_INFORMATION_FORMAT = "dwarf-with-dsym";
				ENABLE_NS_ASSERTIONS = NO;
				ENABLE_STRICT_OBJC_MSGSEND = YES;
				GCC_C_LANGUAGE_STANDARD = gnu11;
				GCC_NO_COMMON_BLOCKS = YES;
				GCC_WARN_64_TO_32_BIT_CONVERSION = YES;
				GCC_WARN_ABOUT_RETURN_TYPE = YES_ERROR;
				GCC_WARN_UNDECLARED_SELECTOR = YES;
				GCC_WARN_UNINITIALIZED_AUTOS = YES_AGGRESSIVE;
				GCC_WARN_UNUSED_FUNCTION = YES;
				GCC_WARN_UNUSED_VARIABLE = YES;
				IPHONEOS_DEPLOYMENT_TARGET = 14.4;
				MTL_ENABLE_DEBUG_INFO = NO;
				MTL_FAST_MATH = YES;
				SDKROOT = iphoneos;
				SWIFT_COMPILATION_MODE = wholemodule;
				SWIFT_OPTIMIZATION_LEVEL = "-O";
				VALIDATE_PRODUCT = YES;
			};
			name = Release;
		};
		D49EA9C42654536500B7EAFA /* Debug */ = {
			isa = XCBuildConfiguration;
			baseConfigurationReference = 094CA0625EBCEF3C8346584D /* Pods-BitcoinCurrency.debug.xcconfig */;
			buildSettings = {
				ASSETCATALOG_COMPILER_APPICON_NAME = AppIcon;
				ASSETCATALOG_COMPILER_GLOBAL_ACCENT_COLOR_NAME = AccentColor;
				CODE_SIGN_STYLE = Automatic;
				INFOPLIST_FILE = BitcoinCurrency/Info.plist;
				LD_RUNPATH_SEARCH_PATHS = (
					"$(inherited)",
					"@executable_path/Frameworks",
				);
				PRODUCT_BUNDLE_IDENTIFIER = "Felipe-Lima.BitcoinCurrency";
				PRODUCT_NAME = "$(TARGET_NAME)";
				SWIFT_VERSION = 5.0;
				TARGETED_DEVICE_FAMILY = "1,2";
			};
			name = Debug;
		};
		D49EA9C52654536500B7EAFA /* Release */ = {
			isa = XCBuildConfiguration;
			baseConfigurationReference = 85C8A4F5CD55C6AA6831A852 /* Pods-BitcoinCurrency.release.xcconfig */;
			buildSettings = {
				ASSETCATALOG_COMPILER_APPICON_NAME = AppIcon;
				ASSETCATALOG_COMPILER_GLOBAL_ACCENT_COLOR_NAME = AccentColor;
				CODE_SIGN_STYLE = Automatic;
				INFOPLIST_FILE = BitcoinCurrency/Info.plist;
				LD_RUNPATH_SEARCH_PATHS = (
					"$(inherited)",
					"@executable_path/Frameworks",
				);
				PRODUCT_BUNDLE_IDENTIFIER = "Felipe-Lima.BitcoinCurrency";
				PRODUCT_NAME = "$(TARGET_NAME)";
				SWIFT_VERSION = 5.0;
				TARGETED_DEVICE_FAMILY = "1,2";
			};
			name = Release;
		};
/* End XCBuildConfiguration section */

/* Begin XCConfigurationList section */
		D49EA9AA2654536400B7EAFA /* Build configuration list for PBXProject "BitcoinCurrency" */ = {
			isa = XCConfigurationList;
			buildConfigurations = (
				D49EA9C12654536500B7EAFA /* Debug */,
				D49EA9C22654536500B7EAFA /* Release */,
			);
			defaultConfigurationIsVisible = 0;
			defaultConfigurationName = Release;
		};
		D49EA9C32654536500B7EAFA /* Build configuration list for PBXNativeTarget "BitcoinCurrency" */ = {
			isa = XCConfigurationList;
			buildConfigurations = (
				D49EA9C42654536500B7EAFA /* Debug */,
				D49EA9C52654536500B7EAFA /* Release */,
			);
			defaultConfigurationIsVisible = 0;
			defaultConfigurationName = Release;
		};
/* End XCConfigurationList section */
	};
	rootObject = D49EA9A72654536400B7EAFA /* Project object */;
}
